
Microsoft Visual Studio Solution File, Format Version 12.00
# Visual Studio Version 17
VisualStudioVersion = 17.4.33103.184
MinimumVisualStudioVersion = 10.0.40219.1
Project("{FAE04EC0-301F-11D3-BF4B-00C04F79EFBC}") = "GameObjectBlacklist", "GameObjectBlacklist\GameObjectBlacklist.csproj", "{06E7193B-3C62-46EC-8AA5-0B7E086D0333}"
EndProject
Global
	GlobalSection(SolutionConfigurationPlatforms) = preSolution
		Debug|Any CPU = Debug|Any CPU
		Release|Any CPU = Release|Any CPU
	EndGlobalSection
	GlobalSection(ProjectConfigurationPlatforms) = postSolution
		{06E7193B-3C62-46EC-8AA5-0B7E086D0333}.Debug|Any CPU.ActiveCfg = Debug|Any CPU
		{06E7193B-3C62-46EC-8AA5-0B7E086D0333}.Debug|Any CPU.Build.0 = Debug|Any CPU
		{06E7193B-3C62-46EC-8AA5-0B7E086D0333}.Release|Any CPU.ActiveCfg = Release|Any CPU
		{06E7193B-3C62-46EC-8AA5-0B7E086D0333}.Release|Any CPU.Build.0 = Release|Any CPU
	EndGlobalSection
	GlobalSection(SolutionProperties) = preSolution
		HideSolutionNode = FALSE
	EndGlobalSection
	GlobalSection(ExtensibilityGlobals) = postSolution
		SolutionGuid = {1512930F-5B72-4BBB-A9DD-E4B109ACEEF3}
	EndGlobalSection
EndGlobal
